
Microsoft Visual Studio Solution File, Format Version 12.00
# Visual Studio Version 17
VisualStudioVersion = 17.8.34525.116
MinimumVisualStudioVersion = 10.0.40219.1
Project("{FAE04EC0-301F-11D3-BF4B-00C04F79EFBC}") = "Lab 24", "Lab 24.csproj", "{F005961D-F820-4B76-B4B9-EE171B5F530F}"
EndProject
Global
	GlobalSection(SolutionConfigurationPlatforms) = preSolution
		Debug|Any CPU = Debug|Any CPU
		Release|Any CPU = Release|Any CPU
	EndGlobalSection
	GlobalSection(ProjectConfigurationPlatforms) = postSolution
		{F005961D-F820-4B76-B4B9-EE171B5F530F}.Debug|Any CPU.ActiveCfg = Debug|Any CPU
		{F005961D-F820-4B76-B4B9-EE171B5F530F}.Debug|Any CPU.Build.0 = Debug|Any CPU
		{F005961D-F820-4B76-B4B9-EE171B5F530F}.Release|Any CPU.ActiveCfg = Release|Any CPU
		{F005961D-F820-4B76-B4B9-EE171B5F530F}.Release|Any CPU.Build.0 = Release|Any CPU
	EndGlobalSection
	GlobalSection(SolutionProperties) = preSolution
		HideSolutionNode = FALSE
	EndGlobalSection
	GlobalSection(ExtensibilityGlobals) = postSolution
		SolutionGuid = {999317A5-2EA3-4165-B833-D15254AFEEE1}
	EndGlobalSection
EndGlobal
